// !$*UTF8*$!
{
	archiveVersion = 1;
	classes = {};
	objectVersion = 56;
	objects = {
		B4E58C9227D2E6FDF0487739 = { isa = PBXFileReference; lastKnownFileType = sourcecode.swift; path = "MiloApp.swift"; sourceTree = "<group>"; };
		2DEE3FB1D99A3477D49D1C43 = { isa = PBXBuildFile; fileRef = B4E58C9227D2E6FDF0487739; };
		65359FA1744E91513B03A20E = { isa = PBXFileReference; lastKnownFileType = sourcecode.swift; path = "Monitoring/SystemMetrics.swift"; sourceTree = "<group>"; };
		B126209CEA7E690C6A73EA04 = { isa = PBXBuildFile; fileRef = 65359FA1744E91513B03A20E; };
		5415A6E6FB57D61B07959BB3 = { isa = PBXFileReference; lastKnownFileType = sourcecode.swift; path = "Monitoring/SystemSampler.swift"; sourceTree = "<group>"; };
		4BB165ACAE2F7A94E7019ADE = { isa = PBXBuildFile; fileRef = 5415A6E6FB57D61B07959BB3; };
		170FEBA973DBED8BC3CF60D2 = { isa = PBXFileReference; lastKnownFileType = sourcecode.swift; path = "Monitoring/SystemMonitor.swift"; sourceTree = "<group>"; };
		51A9A4D67EE32BC78B502FC3 = { isa = PBXBuildFile; fileRef = 170FEBA973DBED8BC3CF60D2; };
		2318A2B24350D836A56BCD29 = { isa = PBXFileReference; lastKnownFileType = sourcecode.swift; path = "UI/MenuBarController.swift"; sourceTree = "<group>"; };
		19F527C4812B3BB3BFD49042 = { isa = PBXBuildFile; fileRef = 2318A2B24350D836A56BCD29; };
		9914ABCE032A266BD84BAC4C = { isa = PBXFileReference; lastKnownFileType = sourcecode.swift; path = "UI/DashboardView.swift"; sourceTree = "<group>"; };
		2B70583CBB0544CEA437E79D = { isa = PBXBuildFile; fileRef = 9914ABCE032A266BD84BAC4C; };
		AEAE4B28CDFF08F590396BA5 = { isa = PBXFileReference; lastKnownFileType = sourcecode.swift; path = SystemMetricsTests.swift; sourceTree = "<group>"; };
		80FAC02A0BD5812E2A00F339 = { isa = PBXBuildFile; fileRef = AEAE4B28CDFF08F590396BA5; };
		898F4375AA96E2F99100578F = { isa = PBXBuildFile; fileRef = 65359FA1744E91513B03A20E; };
		EDFBD94F07055C885055E66C = { isa = PBXBuildFile; fileRef = 5415A6E6FB57D61B07959BB3; };
		7D1043473D55BFA90E8530D3 = { isa = PBXFileReference; explicitFileType = wrapper.application; path = Milo.app; sourceTree = BUILT_PRODUCTS_DIR; };
		04D13FD0AA6F0197CF2C9990 = { isa = PBXFileReference; explicitFileType = wrapper.cfbundle; path = MiloTests.xctest; sourceTree = BUILT_PRODUCTS_DIR; };
		DC76E9F0C0006E8F919E0C51 = { isa = PBXGroup; children = (482182478A3ECD4745BEA917, 8B7A6DECC0651D269EA794C7, FBDC4F23F93125BBEEAE800C,); sourceTree = "<group>"; };
		482182478A3ECD4745BEA917 = { isa = PBXGroup; children = (B4E58C9227D2E6FDF0487739, 65359FA1744E91513B03A20E, 5415A6E6FB57D61B07959BB3, 170FEBA973DBED8BC3CF60D2, 2318A2B24350D836A56BCD29, 9914ABCE032A266BD84BAC4C,); path = Milo; sourceTree = "<group>"; };
		8B7A6DECC0651D269EA794C7 = { isa = PBXGroup; children = (AEAE4B28CDFF08F590396BA5,); path = MiloTests; sourceTree = "<group>"; };
		FBDC4F23F93125BBEEAE800C = { isa = PBXGroup; children = (7D1043473D55BFA90E8530D3, 04D13FD0AA6F0197CF2C9990,); name = Products; sourceTree = "<group>"; };
		2D764CD838DB39F040AA7EC4 = { isa = PBXSourcesBuildPhase; buildActionMask = 2147483647; files = (2DEE3FB1D99A3477D49D1C43, B126209CEA7E690C6A73EA04, 4BB165ACAE2F7A94E7019ADE, 51A9A4D67EE32BC78B502FC3, 19F527C4812B3BB3BFD49042, 2B70583CBB0544CEA437E79D,); runOnlyForDeploymentPostprocessing = 0; };
		78AE8C6BEB2A40A6D824CCEE = { isa = PBXFrameworksBuildPhase; buildActionMask = 2147483647; files = (); runOnlyForDeploymentPostprocessing = 0; };
		364863F9F2E558B0F50473FC = { isa = PBXResourcesBuildPhase; buildActionMask = 2147483647; files = (); runOnlyForDeploymentPostprocessing = 0; };
		E9B2E96ABC5F6856F2BE79CF = { isa = XCBuildConfiguration; buildSettings = { CODE_SIGN_STYLE = Manual; CODE_SIGN_IDENTITY = "-"; GENERATE_INFOPLIST_FILE = YES; PRODUCT_NAME = "$(TARGET_NAME)"; PRODUCT_BUNDLE_IDENTIFIER = com.milo.monitor; INFOPLIST_KEY_LSUIElement = YES; INFOPLIST_KEY_CFBundleDisplayName = Milo; INFOPLIST_KEY_LSApplicationCategoryType = "public.app-category.utilities"; MARKETING_VERSION = 0.1.0; CURRENT_PROJECT_VERSION = 1; ENABLE_HARDENED_RUNTIME = YES;  }; name = Debug; };
		5A8C91857F674E16E2724F47 = { isa = XCBuildConfiguration; buildSettings = { CODE_SIGN_STYLE = Manual; CODE_SIGN_IDENTITY = "-"; GENERATE_INFOPLIST_FILE = YES; PRODUCT_NAME = "$(TARGET_NAME)"; PRODUCT_BUNDLE_IDENTIFIER = com.milo.monitor; INFOPLIST_KEY_LSUIElement = YES; INFOPLIST_KEY_CFBundleDisplayName = Milo; INFOPLIST_KEY_LSApplicationCategoryType = "public.app-category.utilities"; MARKETING_VERSION = 0.1.0; CURRENT_PROJECT_VERSION = 1; ENABLE_HARDENED_RUNTIME = YES;  }; name = Release; };
		F37922C48DA5978D02C9E50E = { isa = XCConfigurationList; buildConfigurations = (E9B2E96ABC5F6856F2BE79CF, 5A8C91857F674E16E2724F47,); defaultConfigurationIsVisible = 0; defaultConfigurationName = Release; };
		4F6027D858B72CC70E5CC8E9 = { isa = PBXNativeTarget; buildConfigurationList = F37922C48DA5978D02C9E50E; buildPhases = (2D764CD838DB39F040AA7EC4, 78AE8C6BEB2A40A6D824CCEE, 364863F9F2E558B0F50473FC,); buildRules = (); dependencies = (); name = Milo; productName = Milo; productReference = 7D1043473D55BFA90E8530D3; productType = "com.apple.product-type.application"; };
		9F3002A5D69B22D357A58AA9 = { isa = PBXSourcesBuildPhase; buildActionMask = 2147483647; files = (80FAC02A0BD5812E2A00F339, 898F4375AA96E2F99100578F, EDFBD94F07055C885055E66C,); runOnlyForDeploymentPostprocessing = 0; };
		1ABF84E55BD30AC2CEF8FC42 = { isa = PBXFrameworksBuildPhase; buildActionMask = 2147483647; files = (); runOnlyForDeploymentPostprocessing = 0; };
		7DED7670B79BEA8B7480B1FC = { isa = PBXResourcesBuildPhase; buildActionMask = 2147483647; files = (); runOnlyForDeploymentPostprocessing = 0; };
		FCB48D8F88BCDB0ED9FADFD7 = { isa = XCBuildConfiguration; buildSettings = { CODE_SIGN_STYLE = Manual; CODE_SIGN_IDENTITY = "-"; GENERATE_INFOPLIST_FILE = YES; PRODUCT_NAME = "$(TARGET_NAME)"; PRODUCT_BUNDLE_IDENTIFIER = com.milo.monitor.tests;  }; name = Debug; };
		942EEBBACD6C88CAE7F29B29 = { isa = XCBuildConfiguration; buildSettings = { CODE_SIGN_STYLE = Manual; CODE_SIGN_IDENTITY = "-"; GENERATE_INFOPLIST_FILE = YES; PRODUCT_NAME = "$(TARGET_NAME)"; PRODUCT_BUNDLE_IDENTIFIER = com.milo.monitor.tests;  }; name = Release; };
		BECB265224D91761C05FDA33 = { isa = XCConfigurationList; buildConfigurations = (FCB48D8F88BCDB0ED9FADFD7, 942EEBBACD6C88CAE7F29B29,); defaultConfigurationIsVisible = 0; defaultConfigurationName = Release; };
		0A06C5E2DA34E686D888A695 = { isa = PBXNativeTarget; buildConfigurationList = BECB265224D91761C05FDA33; buildPhases = (9F3002A5D69B22D357A58AA9, 1ABF84E55BD30AC2CEF8FC42, 7DED7670B79BEA8B7480B1FC,); buildRules = (); dependencies = (); name = MiloTests; productName = MiloTests; productReference = 04D13FD0AA6F0197CF2C9990; productType = "com.apple.product-type.bundle.unit-test"; };
		89E1FD6268CC0F221A2BE178 = { isa = XCBuildConfiguration; buildSettings = { MACOSX_DEPLOYMENT_TARGET = 14.0; SDKROOT = macosx; SWIFT_VERSION = 5.0; CLANG_ENABLE_MODULES = YES; SWIFT_STRICT_CONCURRENCY = complete; SWIFT_OPTIMIZATION_LEVEL = "-Onone"; SWIFT_ACTIVE_COMPILATION_CONDITIONS = DEBUG; ENABLE_TESTABILITY = YES; DEBUG_INFORMATION_FORMAT = dwarf; ONLY_ACTIVE_ARCH = YES;  }; name = Debug; };
		E6DE6C99132752C914FEF632 = { isa = XCBuildConfiguration; buildSettings = { MACOSX_DEPLOYMENT_TARGET = 14.0; SDKROOT = macosx; SWIFT_VERSION = 5.0; CLANG_ENABLE_MODULES = YES; SWIFT_STRICT_CONCURRENCY = complete; SWIFT_COMPILATION_MODE = wholemodule; SWIFT_OPTIMIZATION_LEVEL = "-O"; DEBUG_INFORMATION_FORMAT = "dwarf-with-dsym";  }; name = Release; };
		862894B703A6DEDF96A9DD6C = { isa = XCConfigurationList; buildConfigurations = (89E1FD6268CC0F221A2BE178, E6DE6C99132752C914FEF632,); defaultConfigurationIsVisible = 0; defaultConfigurationName = Release; };
		98F54143AB4E86B28C3AFEE0 = { isa = PBXProject; attributes = { BuildIndependentTargetsInParallel = YES; LastUpgradeCheck = 1660; }; buildConfigurationList = 862894B703A6DEDF96A9DD6C; compatibilityVersion = "Xcode 14.0"; developmentRegion = zh-Hans; hasScannedForEncodings = 0; knownRegions = (en, "zh-Hans", Base); mainGroup = DC76E9F0C0006E8F919E0C51; productRefGroup = FBDC4F23F93125BBEEAE800C; projectDirPath = ""; projectRoot = ""; targets = (4F6027D858B72CC70E5CC8E9, 0A06C5E2DA34E686D888A695,); };
	};
	rootObject = 98F54143AB4E86B28C3AFEE0;
}
